
Microsoft Visual Studio Solution File, Format Version 11.00
# Visual C++ Express 2010
Project("{8BC9CEB8-8B4A-11D0-8D11-00A0C91BC942}") = "Euler_68", "Euler_68.vcxproj", "{AE326899-3A9C-4BE1-8D2E-8B8343FF98E6}"
EndProject
Global
	GlobalSection(SolutionConfigurationPlatforms) = preSolution
		Debug|Win32 = Debug|Win32
		Release|Win32 = Release|Win32
	EndGlobalSection
	GlobalSection(ProjectConfigurationPlatforms) = postSolution
		{AE326899-3A9C-4BE1-8D2E-8B8343FF98E6}.Debug|Win32.ActiveCfg = Debug|Win32
		{AE326899-3A9C-4BE1-8D2E-8B8343FF98E6}.Debug|Win32.Build.0 = Debug|Win32
		{AE326899-3A9C-4BE1-8D2E-8B8343FF98E6}.Release|Win32.ActiveCfg = Release|Win32
		{AE326899-3A9C-4BE1-8D2E-8B8343FF98E6}.Release|Win32.Build.0 = Release|Win32
	EndGlobalSection
	GlobalSection(SolutionProperties) = preSolution
		HideSolutionNode = FALSE
	EndGlobalSection
EndGlobal
