
Microsoft Visual Studio Solution File, Format Version 11.00
# Visual C++ Express 2010
Project("{8BC9CEB8-8B4A-11D0-8D11-00A0C91BC942}") = "Euler_001", "Euler_001.vcxproj", "{DD0F26C5-AEF0-43DB-AE51-6835F4F91A58}"
EndProject
Global
	GlobalSection(SolutionConfigurationPlatforms) = preSolution
		Debug|Win32 = Debug|Win32
		Release|Win32 = Release|Win32
	EndGlobalSection
	GlobalSection(ProjectConfigurationPlatforms) = postSolution
		{DD0F26C5-AEF0-43DB-AE51-6835F4F91A58}.Debug|Win32.ActiveCfg = Debug|Win32
		{DD0F26C5-AEF0-43DB-AE51-6835F4F91A58}.Debug|Win32.Build.0 = Debug|Win32
		{DD0F26C5-AEF0-43DB-AE51-6835F4F91A58}.Release|Win32.ActiveCfg = Release|Win32
		{DD0F26C5-AEF0-43DB-AE51-6835F4F91A58}.Release|Win32.Build.0 = Release|Win32
	EndGlobalSection
	GlobalSection(SolutionProperties) = preSolution
		HideSolutionNode = FALSE
	EndGlobalSection
EndGlobal
