
Microsoft Visual Studio Solution File, Format Version 12.00
# Visual Studio Express 2013 for Windows Desktop
VisualStudioVersion = 12.0.21005.1
MinimumVisualStudioVersion = 10.0.40219.1
Project("{8BC9CEB8-8B4A-11D0-8D11-00A0C91BC942}") = "Euler_259", "Euler_259.vcxproj", "{40AD231D-8A28-41E7-999F-92B8AEF00635}"
EndProject
Global
	GlobalSection(SolutionConfigurationPlatforms) = preSolution
		Debug|Win32 = Debug|Win32
		Release|Win32 = Release|Win32
	EndGlobalSection
	GlobalSection(ProjectConfigurationPlatforms) = postSolution
		{40AD231D-8A28-41E7-999F-92B8AEF00635}.Debug|Win32.ActiveCfg = Debug|Win32
		{40AD231D-8A28-41E7-999F-92B8AEF00635}.Debug|Win32.Build.0 = Debug|Win32
		{40AD231D-8A28-41E7-999F-92B8AEF00635}.Release|Win32.ActiveCfg = Release|Win32
		{40AD231D-8A28-41E7-999F-92B8AEF00635}.Release|Win32.Build.0 = Release|Win32
	EndGlobalSection
	GlobalSection(SolutionProperties) = preSolution
		HideSolutionNode = FALSE
	EndGlobalSection
EndGlobal
