
Microsoft Visual Studio Solution File, Format Version 11.00
# Visual C++ Express 2010
Project("{8BC9CEB8-8B4A-11D0-8D11-00A0C91BC942}") = "Euler_244", "Euler_244.vcxproj", "{9FB4F894-2FA2-409D-88E8-DC11C027133A}"
EndProject
Global
	GlobalSection(SolutionConfigurationPlatforms) = preSolution
		Debug|Win32 = Debug|Win32
		Release|Win32 = Release|Win32
	EndGlobalSection
	GlobalSection(ProjectConfigurationPlatforms) = postSolution
		{9FB4F894-2FA2-409D-88E8-DC11C027133A}.Debug|Win32.ActiveCfg = Debug|Win32
		{9FB4F894-2FA2-409D-88E8-DC11C027133A}.Debug|Win32.Build.0 = Debug|Win32
		{9FB4F894-2FA2-409D-88E8-DC11C027133A}.Release|Win32.ActiveCfg = Release|Win32
		{9FB4F894-2FA2-409D-88E8-DC11C027133A}.Release|Win32.Build.0 = Release|Win32
	EndGlobalSection
	GlobalSection(SolutionProperties) = preSolution
		HideSolutionNode = FALSE
	EndGlobalSection
EndGlobal
