
Microsoft Visual Studio Solution File, Format Version 11.00
# Visual C++ Express 2010
Project("{8BC9CEB8-8B4A-11D0-8D11-00A0C91BC942}") = "Euler_290", "Euler_290.vcxproj", "{BE73A179-8BA9-4F06-AA72-4A0DCF45EF18}"
EndProject
Global
	GlobalSection(SolutionConfigurationPlatforms) = preSolution
		Debug|Win32 = Debug|Win32
		Release|Win32 = Release|Win32
	EndGlobalSection
	GlobalSection(ProjectConfigurationPlatforms) = postSolution
		{BE73A179-8BA9-4F06-AA72-4A0DCF45EF18}.Debug|Win32.ActiveCfg = Debug|Win32
		{BE73A179-8BA9-4F06-AA72-4A0DCF45EF18}.Debug|Win32.Build.0 = Debug|Win32
		{BE73A179-8BA9-4F06-AA72-4A0DCF45EF18}.Release|Win32.ActiveCfg = Release|Win32
		{BE73A179-8BA9-4F06-AA72-4A0DCF45EF18}.Release|Win32.Build.0 = Release|Win32
	EndGlobalSection
	GlobalSection(SolutionProperties) = preSolution
		HideSolutionNode = FALSE
	EndGlobalSection
EndGlobal
