
Microsoft Visual Studio Solution File, Format Version 11.00
# Visual C++ Express 2010
Project("{8BC9CEB8-8B4A-11D0-8D11-00A0C91BC942}") = "Euler_243", "Euler_243.vcxproj", "{73062E21-A9B5-4AE0-B67A-57E443236484}"
EndProject
Global
	GlobalSection(SolutionConfigurationPlatforms) = preSolution
		Debug|Win32 = Debug|Win32
		Release|Win32 = Release|Win32
	EndGlobalSection
	GlobalSection(ProjectConfigurationPlatforms) = postSolution
		{73062E21-A9B5-4AE0-B67A-57E443236484}.Debug|Win32.ActiveCfg = Debug|Win32
		{73062E21-A9B5-4AE0-B67A-57E443236484}.Debug|Win32.Build.0 = Debug|Win32
		{73062E21-A9B5-4AE0-B67A-57E443236484}.Release|Win32.ActiveCfg = Release|Win32
		{73062E21-A9B5-4AE0-B67A-57E443236484}.Release|Win32.Build.0 = Release|Win32
	EndGlobalSection
	GlobalSection(SolutionProperties) = preSolution
		HideSolutionNode = FALSE
	EndGlobalSection
EndGlobal
