
Microsoft Visual Studio Solution File, Format Version 11.00
# Visual C++ Express 2010
Project("{8BC9CEB8-8B4A-11D0-8D11-00A0C91BC942}") = "Euler_191", "Euler_191.vcxproj", "{61B72975-16A8-468C-A07E-F55DCC26948D}"
EndProject
Global
	GlobalSection(SolutionConfigurationPlatforms) = preSolution
		Debug|Win32 = Debug|Win32
		Release|Win32 = Release|Win32
	EndGlobalSection
	GlobalSection(ProjectConfigurationPlatforms) = postSolution
		{61B72975-16A8-468C-A07E-F55DCC26948D}.Debug|Win32.ActiveCfg = Debug|Win32
		{61B72975-16A8-468C-A07E-F55DCC26948D}.Debug|Win32.Build.0 = Debug|Win32
		{61B72975-16A8-468C-A07E-F55DCC26948D}.Release|Win32.ActiveCfg = Release|Win32
		{61B72975-16A8-468C-A07E-F55DCC26948D}.Release|Win32.Build.0 = Release|Win32
	EndGlobalSection
	GlobalSection(SolutionProperties) = preSolution
		HideSolutionNode = FALSE
	EndGlobalSection
EndGlobal
