
Microsoft Visual Studio Solution File, Format Version 11.00
# Visual C++ Express 2010
Project("{8BC9CEB8-8B4A-11D0-8D11-00A0C91BC942}") = "Euler_32", "Euler_32.vcxproj", "{0B6E7322-EB73-44A3-ABA8-E9C439E3CCAA}"
EndProject
Global
	GlobalSection(SolutionConfigurationPlatforms) = preSolution
		Debug|Win32 = Debug|Win32
		Release|Win32 = Release|Win32
	EndGlobalSection
	GlobalSection(ProjectConfigurationPlatforms) = postSolution
		{0B6E7322-EB73-44A3-ABA8-E9C439E3CCAA}.Debug|Win32.ActiveCfg = Debug|Win32
		{0B6E7322-EB73-44A3-ABA8-E9C439E3CCAA}.Debug|Win32.Build.0 = Debug|Win32
		{0B6E7322-EB73-44A3-ABA8-E9C439E3CCAA}.Release|Win32.ActiveCfg = Release|Win32
		{0B6E7322-EB73-44A3-ABA8-E9C439E3CCAA}.Release|Win32.Build.0 = Release|Win32
	EndGlobalSection
	GlobalSection(SolutionProperties) = preSolution
		HideSolutionNode = FALSE
	EndGlobalSection
EndGlobal
