
Microsoft Visual Studio Solution File, Format Version 12.00
# Visual Studio 15
VisualStudioVersion = 15.0.27428.2043
MinimumVisualStudioVersion = 10.0.40219.1
Project("{8BC9CEB8-8B4A-11D0-8D11-00A0C91BC942}") = "Euler_321", "Euler_321.vcxproj", "{A6B84A2E-CC51-4258-A882-8532896DC398}"
EndProject
Global
	GlobalSection(SolutionConfigurationPlatforms) = preSolution
		Debug|x64 = Debug|x64
		Debug|x86 = Debug|x86
		Release|x64 = Release|x64
		Release|x86 = Release|x86
	EndGlobalSection
	GlobalSection(ProjectConfigurationPlatforms) = postSolution
		{A6B84A2E-CC51-4258-A882-8532896DC398}.Debug|x64.ActiveCfg = Debug|x64
		{A6B84A2E-CC51-4258-A882-8532896DC398}.Debug|x64.Build.0 = Debug|x64
		{A6B84A2E-CC51-4258-A882-8532896DC398}.Debug|x86.ActiveCfg = Debug|Win32
		{A6B84A2E-CC51-4258-A882-8532896DC398}.Debug|x86.Build.0 = Debug|Win32
		{A6B84A2E-CC51-4258-A882-8532896DC398}.Release|x64.ActiveCfg = Release|x64
		{A6B84A2E-CC51-4258-A882-8532896DC398}.Release|x64.Build.0 = Release|x64
		{A6B84A2E-CC51-4258-A882-8532896DC398}.Release|x86.ActiveCfg = Release|Win32
		{A6B84A2E-CC51-4258-A882-8532896DC398}.Release|x86.Build.0 = Release|Win32
	EndGlobalSection
	GlobalSection(SolutionProperties) = preSolution
		HideSolutionNode = FALSE
	EndGlobalSection
	GlobalSection(ExtensibilityGlobals) = postSolution
		SolutionGuid = {FD8BB465-22A6-432C-A147-DD465222FA5D}
	EndGlobalSection
EndGlobal
