
Microsoft Visual Studio Solution File, Format Version 11.00
# Visual C++ Express 2010
Project("{8BC9CEB8-8B4A-11D0-8D11-00A0C91BC942}") = "Euler_206", "Euler_206.vcxproj", "{E1A076BA-085A-488D-8014-A79CC2CB2FC3}"
EndProject
Global
	GlobalSection(SolutionConfigurationPlatforms) = preSolution
		Debug|Win32 = Debug|Win32
		Release|Win32 = Release|Win32
	EndGlobalSection
	GlobalSection(ProjectConfigurationPlatforms) = postSolution
		{E1A076BA-085A-488D-8014-A79CC2CB2FC3}.Debug|Win32.ActiveCfg = Debug|Win32
		{E1A076BA-085A-488D-8014-A79CC2CB2FC3}.Debug|Win32.Build.0 = Debug|Win32
		{E1A076BA-085A-488D-8014-A79CC2CB2FC3}.Release|Win32.ActiveCfg = Release|Win32
		{E1A076BA-085A-488D-8014-A79CC2CB2FC3}.Release|Win32.Build.0 = Release|Win32
	EndGlobalSection
	GlobalSection(SolutionProperties) = preSolution
		HideSolutionNode = FALSE
	EndGlobalSection
EndGlobal
