
Microsoft Visual Studio Solution File, Format Version 11.00
# Visual C++ Express 2010
Project("{8BC9CEB8-8B4A-11D0-8D11-00A0C91BC942}") = "Euler_349", "Euler_349.vcxproj", "{EFA70AC2-1238-43F7-AAF2-807AA3DA8E9B}"
EndProject
Global
	GlobalSection(SolutionConfigurationPlatforms) = preSolution
		Debug|Win32 = Debug|Win32
		Release|Win32 = Release|Win32
	EndGlobalSection
	GlobalSection(ProjectConfigurationPlatforms) = postSolution
		{EFA70AC2-1238-43F7-AAF2-807AA3DA8E9B}.Debug|Win32.ActiveCfg = Debug|Win32
		{EFA70AC2-1238-43F7-AAF2-807AA3DA8E9B}.Debug|Win32.Build.0 = Debug|Win32
		{EFA70AC2-1238-43F7-AAF2-807AA3DA8E9B}.Release|Win32.ActiveCfg = Release|Win32
		{EFA70AC2-1238-43F7-AAF2-807AA3DA8E9B}.Release|Win32.Build.0 = Release|Win32
	EndGlobalSection
	GlobalSection(SolutionProperties) = preSolution
		HideSolutionNode = FALSE
	EndGlobalSection
EndGlobal
