
Microsoft Visual Studio Solution File, Format Version 11.00
# Visual C++ Express 2010
Project("{8BC9CEB8-8B4A-11D0-8D11-00A0C91BC942}") = "Euler_020", "Euler_020.vcxproj", "{D5A51526-D058-4BDD-9B3A-EC6264D0FB62}"
EndProject
Global
	GlobalSection(SolutionConfigurationPlatforms) = preSolution
		Debug|Win32 = Debug|Win32
		Release|Win32 = Release|Win32
	EndGlobalSection
	GlobalSection(ProjectConfigurationPlatforms) = postSolution
		{D5A51526-D058-4BDD-9B3A-EC6264D0FB62}.Debug|Win32.ActiveCfg = Debug|Win32
		{D5A51526-D058-4BDD-9B3A-EC6264D0FB62}.Debug|Win32.Build.0 = Debug|Win32
		{D5A51526-D058-4BDD-9B3A-EC6264D0FB62}.Release|Win32.ActiveCfg = Release|Win32
		{D5A51526-D058-4BDD-9B3A-EC6264D0FB62}.Release|Win32.Build.0 = Release|Win32
	EndGlobalSection
	GlobalSection(SolutionProperties) = preSolution
		HideSolutionNode = FALSE
	EndGlobalSection
EndGlobal
